
Microsoft Visual Studio Solution File, Format Version 12.00
# Visual Studio Version 16
VisualStudioVersion = 16.0.31205.134
MinimumVisualStudioVersion = 10.0.40219.1
Project("{FAE04EC0-301F-11D3-BF4B-00C04F79EFBC}") = "ReversiGame", "ReversiGame\ReversiGame.csproj", "{616E76B4-4375-4385-A72D-FFFB357E324F}"
EndProject
Global
	GlobalSection(SolutionConfigurationPlatforms) = preSolution
		Debug|Any CPU = Debug|Any CPU
		Release|Any CPU = Release|Any CPU
	EndGlobalSection
	GlobalSection(ProjectConfigurationPlatforms) = postSolution
		{616E76B4-4375-4385-A72D-FFFB357E324F}.Debug|Any CPU.ActiveCfg = Debug|Any CPU
		{616E76B4-4375-4385-A72D-FFFB357E324F}.Debug|Any CPU.Build.0 = Debug|Any CPU
		{616E76B4-4375-4385-A72D-FFFB357E324F}.Release|Any CPU.ActiveCfg = Release|Any CPU
		{616E76B4-4375-4385-A72D-FFFB357E324F}.Release|Any CPU.Build.0 = Release|Any CPU
	EndGlobalSection
	GlobalSection(SolutionProperties) = preSolution
		HideSolutionNode = FALSE
	EndGlobalSection
	GlobalSection(ExtensibilityGlobals) = postSolution
		SolutionGuid = {A495A7E6-767B-4A97-806C-DE0A96E6FC50}
	EndGlobalSection
EndGlobal
